
Microsoft Visual Studio Solution File, Format Version 12.00
# Visual Studio Version 17
VisualStudioVersion = 17.3.32901.215
MinimumVisualStudioVersion = 10.0.40219.1
Project("{FAE04EC0-301F-11D3-BF4B-00C04F79EFBC}") = "SHVFS_P101_GD08_Q2022-11-10_Letizia", "SHVFS_P101_GD08_Q2022-11-10_Letizia\SHVFS_P101_GD08_Q2022-11-10_Letizia.csproj", "{BF83D3DD-45F8-4990-8294-E4FC4B9FE821}"
EndProject
Global
	GlobalSection(SolutionConfigurationPlatforms) = preSolution
		Debug|Any CPU = Debug|Any CPU
		Release|Any CPU = Release|Any CPU
	EndGlobalSection
	GlobalSection(ProjectConfigurationPlatforms) = postSolution
		{BF83D3DD-45F8-4990-8294-E4FC4B9FE821}.Debug|Any CPU.ActiveCfg = Debug|Any CPU
		{BF83D3DD-45F8-4990-8294-E4FC4B9FE821}.Debug|Any CPU.Build.0 = Debug|Any CPU
		{BF83D3DD-45F8-4990-8294-E4FC4B9FE821}.Release|Any CPU.ActiveCfg = Release|Any CPU
		{BF83D3DD-45F8-4990-8294-E4FC4B9FE821}.Release|Any CPU.Build.0 = Release|Any CPU
	EndGlobalSection
	GlobalSection(SolutionProperties) = preSolution
		HideSolutionNode = FALSE
	EndGlobalSection
	GlobalSection(ExtensibilityGlobals) = postSolution
		SolutionGuid = {50DA12C3-F5E1-4B81-BD9C-0A1FED9D6D82}
	EndGlobalSection
EndGlobal
